# This file is autogenerated, do not edit; changes may be undone by the next 'dep ensure'.


[[projects]]
  digest = "1:8e47871087b94913898333f37af26732faaab30cdb41571136cf7aec9921dae7"
  name = "github.com/PuerkitoBio/purell"
  packages = ["."]
  pruneopts = ""
  revision = "0bcb03f4b4d0a9428594752bd2a3b9aa0a9d4bd4"
  version = "v1.1.0"

[[projects]]
  branch = "master"
  digest = "1:331a419049c2be691e5ba1d24342fc77c7e767a80c666a18fd8a9f7b82419c1c"
  name = "github.com/PuerkitoBio/urlesc"
  packages = ["."]
  pruneopts = ""
  revision = "de5bf2ad457846296e2031421a34e2568e304e35"

[[projects]]
  digest = "1:eb53021a8aa3f599d29c7102e65026242bdedce998a54837dc67f14b6a97c5fd"
  name = "github.com/fsnotify/fsnotify"
  packages = ["."]
  pruneopts = ""
  revision = "c2828203cd70a50dcccfb2761f8b1f8ceef9a8e9"
  version = "v1.4.7"

[[projects]]
  digest = "1:26d175e5ae3907016981aae86d2ef8acbbb94391a2b6a01b96a5f7fb682dc04c"
  name = "github.com/go-chi/chi"
  packages = [
    ".",
    "middleware",
  ]
  pruneopts = ""
  revision = "08d9051ef6546d57c5dca8eae13e6df362e2d568"
  version = "v3.3.4"

[[projects]]
  digest = "1:54d7b4b9ab2bb2bae35b55eea900bc8fe15cba05a95fc78bf7fd7b82a9a07afa"
  name = "github.com/go-chi/render"
  packages = ["."]
  pruneopts = ""
  revision = "3215478343fbc559bd3fc08f7031bb134d6bdad5"
  version = "v1.0.1"

[[projects]]
  digest = "1:c8052dcf3ec378a9a6bc4f00ecc10d6d5eb3cc1f8faaf6b2f70f047e8881d446"
  name = "github.com/go-openapi/jsonpointer"
  packages = ["."]
  pruneopts = ""
  revision = "ef5f0afec364d3b9396b7b77b43dbe26bf1f8004"
  version = "v0.18.0"

[[projects]]
  digest = "1:1824e5330b35b2a2418d06aa55629cc59ad454b72e338aa125ba8ff98f16298b"
  name = "github.com/go-openapi/jsonreference"
  packages = ["."]
  pruneopts = ""
  revision = "8483a886a90412cd6858df4ea3483dce9c8e35a3"
  version = "v0.18.0"

[[projects]]
  digest = "1:54af405aae840f810418f3d25211012af1c4bfd56d07d3de6482a7a3b762528a"
  name = "github.com/go-openapi/spec"
  packages = ["."]
  pruneopts = ""
  revision = "5b6cdde3200976e3ecceb2868706ee39b6aff3e4"
  version = "v0.18.0"

[[projects]]
  digest = "1:417789264f7cc44cbb3431ac997473e085018b01bdd98df57e6039981428aca4"
  name = "github.com/go-openapi/swag"
  packages = ["."]
  pruneopts = ""
  revision = "1d29f06aebd59ccdf11ae04aa0334ded96e2d909"
  version = "v0.18.0"

[[projects]]
  digest = "1:e692d16fdfbddb94e9e4886aaf6c08bdbae5cb4ac80651445de9181b371c6e46"
  name = "github.com/go-sql-driver/mysql"
  packages = ["."]
  pruneopts = ""
  revision = "72cd26f257d44c1114970e19afddcd812016007e"
  version = "v1.4.1"

[[projects]]
  digest = "1:d14365c51dd1d34d5c79833ec91413bfbb166be978724f15701e17080dc06dec"
  name = "github.com/hashicorp/hcl"
  packages = [
    ".",
    "hcl/ast",
    "hcl/parser",
    "hcl/printer",
    "hcl/scanner",
    "hcl/strconv",
    "hcl/token",
    "json/parser",
    "json/scanner",
    "json/token",
  ]
  pruneopts = ""
  revision = "8cb6e5b959231cc1119e43259c4a608f9c51a241"
  version = "v1.0.0"

[[projects]]
  digest = "1:961dc3b1d11f969370533390fdf203813162980c858e1dabe827b60940c909a5"
  name = "github.com/magiconair/properties"
  packages = ["."]
  pruneopts = ""
  revision = "c2353362d570a7bfa228149c62842019201cfb71"
  version = "v1.8.0"

[[projects]]
  branch = "master"
  digest = "1:212bebc561f4f654a653225868b2a97353cd5e160dc0b0bbc7232b06608474ec"
  name = "github.com/mailru/easyjson"
  packages = [
    "buffer",
    "jlexer",
    "jwriter",
  ]
  pruneopts = ""
  revision = "60711f1a8329503b04e1c88535f419d0bb440bff"

[[projects]]
  digest = "1:bcc46a0fbd9e933087bef394871256b5c60269575bb661935874729c65bbbf60"
  name = "github.com/mitchellh/mapstructure"
  packages = ["."]
  pruneopts = ""
  revision = "3536a929edddb9a5b34bd6861dc4a9647cb459fe"
  version = "v1.1.2"

[[projects]]
  digest = "1:894aef961c056b6d85d12bac890bf60c44e99b46292888bfa66caf529f804457"
  name = "github.com/pelletier/go-toml"
  packages = ["."]
  pruneopts = ""
  revision = "c01d1270ff3e442a8a57cddc1c92dc1138598194"
  version = "v1.2.0"

[[projects]]
  digest = "1:1d7e1867c49a6dd9856598ef7c3123604ea3daabf5b83f303ff457bcbc410b1d"
  name = "github.com/pkg/errors"
  packages = ["."]
  pruneopts = ""
  revision = "ba968bfe8b2f7e042a574c888954fccecfa385b4"
  version = "v0.8.1"

[[projects]]
  digest = "1:d9f371ceb44045ca4405b65fed916e4b45396340b9e8674851c3d652f6351cde"
  name = "github.com/spf13/afero"
  packages = [
    ".",
    "mem",
  ]
  pruneopts = ""
  revision = "f4711e4db9e9a1d3887343acb72b2bbfc2f686f5"
  version = "v1.2.1"

[[projects]]
  digest = "1:ae3493c780092be9d576a1f746ab967293ec165e8473425631f06658b6212afc"
  name = "github.com/spf13/cast"
  packages = ["."]
  pruneopts = ""
  revision = "8c9545af88b134710ab1cd196795e7f2388358d7"
  version = "v1.3.0"

[[projects]]
  digest = "1:9ceffa4ab5f7195ecf18b3a7fff90c837a9ed5e22e66d18069e4bccfe1f52aa0"
  name = "github.com/spf13/jwalterweatherman"
  packages = ["."]
  pruneopts = ""
  revision = "4a4406e478ca629068e7768fc33f3f044173c0a6"
  version = "v1.0.0"

[[projects]]
  digest = "1:cbaf13cdbfef0e4734ed8a7504f57fe893d471d62a35b982bf6fb3f036449a66"
  name = "github.com/spf13/pflag"
  packages = ["."]
  pruneopts = ""
  revision = "298182f68c66c05229eb03ac171abe6e309ee79a"
  version = "v1.0.3"

[[projects]]
  digest = "1:b98ee2c3f1469ab3b494859d3a9c9e595ec2c63660dea130a5154cfcd427b608"
  name = "github.com/spf13/viper"
  packages = ["."]
  pruneopts = ""
  revision = "6d33b5a963d922d182c91e8a1c88d81fd150cfd4"
  version = "v1.3.1"

[[projects]]
  branch = "master"
  digest = "1:91b37f2bde81b0fd637ef537377e57e98aecfcbe5e47ba310a15a332d08be9f9"
  name = "github.com/swaggo/files"
  packages = ["."]
  pruneopts = ""
  revision = "30649e0721f8182c54490d5f74ef0e03f8b50e4e"

[[projects]]
  branch = "master"
  digest = "1:91c2cc991a8405d229be2b7d0d09c499ec1275617cee1590ae562292c324867a"
  name = "github.com/swaggo/http-swagger"
  packages = ["."]
  pruneopts = ""
  revision = "d870181109f47bee5fd5436e49a381ed1c3588f7"

[[projects]]
  digest = "1:9406cee913ec1c588a7bbd6dabfe28185d8ecdcf363e4b63622d962fcf4a0693"
  name = "github.com/swaggo/swag"
  packages = ["."]
  pruneopts = ""
  revision = "e8c6d12e2c12a510070257ad5f2cecd937cbe76a"
  version = "v1.4.0"

[[projects]]
  branch = "master"
  digest = "1:1e9704e5379e68ac473c28aeb3f7e7cd4036ae8a246bf0285b5ebdbb8e0cfacf"
  name = "golang.org/x/net"
  packages = [
    "context",
    "idna",
    "webdav",
    "webdav/internal/xml",
  ]
  pruneopts = ""
  revision = "d26f9f9a57f3fab6a695bec0d84433c2c50f8bbf"

[[projects]]
  branch = "master"
  digest = "1:489610147902fe0c7229218c749bb25a8a9ecce0d726ae4f8662517319f32554"
  name = "golang.org/x/sys"
  packages = ["unix"]
  pruneopts = ""
  revision = "41f3e6584952bb034a481797859f6ab34b6803bd"

[[projects]]
  digest = "1:5acd3512b047305d49e8763eef7ba423901e85d5dd2fd1e71778a0ea8de10bd4"
  name = "golang.org/x/text"
  packages = [
    "collate",
    "collate/build",
    "internal/colltab",
    "internal/gen",
    "internal/tag",
    "internal/triegen",
    "internal/ucd",
    "language",
    "secure/bidirule",
    "transform",
    "unicode/bidi",
    "unicode/cldr",
    "unicode/norm",
    "unicode/rangetable",
    "width",
  ]
  pruneopts = ""
  revision = "f21a4dfb5e38f5895301dc265a8def02365cc3d0"
  version = "v0.3.0"

[[projects]]
  branch = "master"
  digest = "1:3d78e38b096e8382da641fb87822354c944f8cb960da60f3e342106943903921"
  name = "golang.org/x/tools"
  packages = [
    "go/ast/astutil",
    "go/buildutil",
    "go/internal/cgo",
    "go/loader",
  ]
  pruneopts = ""
  revision = "b2f7fe607dec60bbd2ddab79a4ff07adeb3acf14"

[[projects]]
  digest = "1:bc09e719c4e2a15d17163f5272d9a3131c45d77542b7fdc53ff518815bc19ab3"
  name = "google.golang.org/appengine"
  packages = ["cloudsql"]
  pruneopts = ""
  revision = "e9657d882bb81064595ca3b56cbe2546bbabf7b1"
  version = "v1.4.0"

[[projects]]
  digest = "1:cedccf16b71e86db87a24f8d4c70b0a855872eb967cb906a66b95de56aefbd0d"
  name = "gopkg.in/yaml.v2"
  packages = ["."]
  pruneopts = ""
  revision = "51d6538a90f86fe93ac480b35f37b2be17fef232"
  version = "v2.2.2"

[solve-meta]
  analyzer-name = "dep"
  analyzer-version = 1
  input-imports = [
    "github.com/go-chi/chi",
    "github.com/go-chi/chi/middleware",
    "github.com/go-chi/render",
    "github.com/go-sql-driver/mysql",
    "github.com/spf13/viper",
    "github.com/swaggo/http-swagger",
  ]
  solver-name = "gps-cdcl"
  solver-version = 1
